
Microsoft Visual Studio Solution File, Format Version 12.00
# Visual Studio 2012
Project("{FAE04EC0-301F-11D3-BF4B-00C04F79EFBC}") = "Yasm.Ui", "Yasm.Ui\Yasm.Ui.csproj", "{A29F3297-F09A-4720-B674-7DB81F169BB4}"
EndProject
Project("{FAE04EC0-301F-11D3-BF4B-00C04F79EFBC}") = "Yasm.Dao", "Yasm.Dao\Yasm.Dao.csproj", "{8C51376B-CE13-4EDD-B2C2-1B8983A618BD}"
EndProject
Global
	GlobalSection(SolutionConfigurationPlatforms) = preSolution
		Debug|Any CPU = Debug|Any CPU
		Release|Any CPU = Release|Any CPU
	EndGlobalSection
	GlobalSection(ProjectConfigurationPlatforms) = postSolution
		{A29F3297-F09A-4720-B674-7DB81F169BB4}.Debug|Any CPU.ActiveCfg = Debug|Any CPU
		{A29F3297-F09A-4720-B674-7DB81F169BB4}.Debug|Any CPU.Build.0 = Debug|Any CPU
		{A29F3297-F09A-4720-B674-7DB81F169BB4}.Release|Any CPU.ActiveCfg = Release|Any CPU
		{A29F3297-F09A-4720-B674-7DB81F169BB4}.Release|Any CPU.Build.0 = Release|Any CPU
		{8C51376B-CE13-4EDD-B2C2-1B8983A618BD}.Debug|Any CPU.ActiveCfg = Debug|Any CPU
		{8C51376B-CE13-4EDD-B2C2-1B8983A618BD}.Debug|Any CPU.Build.0 = Debug|Any CPU
		{8C51376B-CE13-4EDD-B2C2-1B8983A618BD}.Release|Any CPU.ActiveCfg = Release|Any CPU
		{8C51376B-CE13-4EDD-B2C2-1B8983A618BD}.Release|Any CPU.Build.0 = Release|Any CPU
	EndGlobalSection
EndGlobal
