
Microsoft Visual Studio Solution File, Format Version 12.00
# Visual Studio 2017
Project("{FAE04EC0-301F-11D3-BF4B-00C04F79EFBC}") = "Yasm.Dao", "Yasm.Dao.csproj", "{B6615C2E-E2A8-4771-983F-AF006B874DD8}"
EndProject
Global
	GlobalSection(SolutionConfigurationPlatforms) = preSolution
		Debug|Any CPU = Debug|Any CPU
		Release|Any CPU = Release|Any CPU
	EndGlobalSection
	GlobalSection(ProjectConfigurationPlatforms) = postSolution
		{B6615C2E-E2A8-4771-983F-AF006B874DD8}.Debug|Any CPU.ActiveCfg = Debug|Any CPU
		{B6615C2E-E2A8-4771-983F-AF006B874DD8}.Debug|Any CPU.Build.0 = Debug|Any CPU
		{B6615C2E-E2A8-4771-983F-AF006B874DD8}.Release|Any CPU.ActiveCfg = Release|Any CPU
		{B6615C2E-E2A8-4771-983F-AF006B874DD8}.Release|Any CPU.Build.0 = Release|Any CPU
	EndGlobalSection
EndGlobal
